Microsoft Visual Studio Solution File, Format Version 12.00
# Visual Studio Version 17
VisualStudioVersion = 17.14.36717.8 d17.14
MinimumVisualStudioVersion = 10.0.40219.1
Project("{FAE04EC0-301F-11D3-BF4B-00C04F79EFBC}") = "Temiang.Avicenna", "Temiang.Avicenna\Temiang.Avicenna.csproj", "{A323BCE2-E827-4BDB-9E78-2C2882DE7C12}"
	ProjectSection(ProjectDependencies) = postProject
		{C751D7C2-BF81-4FB1-8D42-68B816266545} = {C751D7C2-BF81-4FB1-8D42-68B816266545}
		{9FBC1ACC-80B1-4D9F-894B-1FCEB31D337C} = {9FBC1ACC-80B1-4D9F-894B-1FCEB31D337C}
		{7A688EEE-3685-4799-ADD0-78507D272023} = {7A688EEE-3685-4799-ADD0-78507D272023}
	EndProjectSection
EndProject
Project("{FAE04EC0-301F-11D3-BF4B-00C04F79EFBC}") = "Temiang.Avicenna.BusinessObject", "Temiang.Avicenna.BusinessObject\Temiang.Avicenna.BusinessObject.csproj", "{9FBC1ACC-80B1-4D9F-894B-1FCEB31D337C}"
EndProject
Project("{FAE04EC0-301F-11D3-BF4B-00C04F79EFBC}") = "Temiang.Avicenna.ReportLibrary", "Temiang.Avicenna.ReportLibrary\Temiang.Avicenna.ReportLibrary.csproj", "{C751D7C2-BF81-4FB1-8D42-68B816266545}"
EndProject
Project("{FAE04EC0-301F-11D3-BF4B-00C04F79EFBC}") = "Temiang.Avicenna.Common", "Temiang.Avicenna.Common\Temiang.Avicenna.Common.csproj", "{7A688EEE-3685-4799-ADD0-78507D272023}"
EndProject
Project("{FAE04EC0-301F-11D3-BF4B-00C04F79EFBC}") = "Temiang.Avicenna.ReportLibrary.Custom", "Temiang.Avicenna.ReportLibrary.Custom\Temiang.Avicenna.ReportLibrary.Custom.csproj", "{6C30A81B-8C5B-47EF-9EB1-0044CA259FD7}"
EndProject
Project("{FAE04EC0-301F-11D3-BF4B-00C04F79EFBC}") = "Temiang.Avicenna.ReportDataSource", "Temiang.Avicenna.ReportDataSource\Temiang.Avicenna.ReportDataSource.csproj", "{A08E8DF3-2687-4FA8-A3ED-50C38E24756C}"
EndProject
Project("{FAE04EC0-301F-11D3-BF4B-00C04F79EFBC}") = "Temiang.Avicenna.Bridging.PCare", "Temiang.Avicenna.Bridging.PCare\Temiang.Avicenna.Bridging.PCare.csproj", "{41B5F94B-9F51-4AC8-8EB9-A4D8AFA13D38}"
EndProject
Project("{FAE04EC0-301F-11D3-BF4B-00C04F79EFBC}") = "Temiang.Avicenna.Bridging.SatuSehat", "Temiang.Avicenna.Bridging.SatuSehat\Temiang.Avicenna.Bridging.SatuSehat.csproj", "{E3A08FD0-B103-42F0-9F34-7CEA0FC644A0}"
EndProject
Project("{FAE04EC0-301F-11D3-BF4B-00C04F79EFBC}") = "Temiang.Avicenna.Tests", "Temiang.Avicenna.Tests\Temiang.Avicenna.Tests.csproj", "{F4E16E11-419F-4C6B-ACE6-387C7437AFD0}"
EndProject
Global
	GlobalSection(SolutionConfigurationPlatforms) = preSolution
		Debug|Any CPU = Debug|Any CPU
		Debug|ARM = Debug|ARM
		Debug|x64 = Debug|x64
		Debug|x86 = Debug|x86
		Release|Any CPU = Release|Any CPU
		Release|ARM = Release|ARM
		Release|x64 = Release|x64
		Release|x86 = Release|x86
	EndGlobalSection
	GlobalSection(ProjectConfigurationPlatforms) = postSolution
		{A323BCE2-E827-4BDB-9E78-2C2882DE7C12}.Debug|Any CPU.ActiveCfg = Debug|Any CPU
		{A323BCE2-E827-4BDB-9E78-2C2882DE7C12}.Debug|Any CPU.Build.0 = Debug|Any CPU
		{A323BCE2-E827-4BDB-9E78-2C2882DE7C12}.Debug|ARM.ActiveCfg = Debug|Any CPU
		{A323BCE2-E827-4BDB-9E78-2C2882DE7C12}.Debug|x64.ActiveCfg = Debug|Any CPU
		{A323BCE2-E827-4BDB-9E78-2C2882DE7C12}.Debug|x86.ActiveCfg = Debug|Any CPU
		{A323BCE2-E827-4BDB-9E78-2C2882DE7C12}.Release|Any CPU.ActiveCfg = Release|Any CPU
		{A323BCE2-E827-4BDB-9E78-2C2882DE7C12}.Release|Any CPU.Build.0 = Release|Any CPU
		{A323BCE2-E827-4BDB-9E78-2C2882DE7C12}.Release|ARM.ActiveCfg = Release|Any CPU
		{A323BCE2-E827-4BDB-9E78-2C2882DE7C12}.Release|x64.ActiveCfg = Release|x64
		{A323BCE2-E827-4BDB-9E78-2C2882DE7C12}.Release|x64.Build.0 = Release|x64
		{A323BCE2-E827-4BDB-9E78-2C2882DE7C12}.Release|x86.ActiveCfg = Release|Any CPU
		{9FBC1ACC-80B1-4D9F-894B-1FCEB31D337C}.Debug|Any CPU.ActiveCfg = Debug|Any CPU
		{9FBC1ACC-80B1-4D9F-894B-1FCEB31D337C}.Debug|Any CPU.Build.0 = Debug|Any CPU
		{9FBC1ACC-80B1-4D9F-894B-1FCEB31D337C}.Debug|ARM.ActiveCfg = Debug|Any CPU
		{9FBC1ACC-80B1-4D9F-894B-1FCEB31D337C}.Debug|x64.ActiveCfg = Debug|Any CPU
		{9FBC1ACC-80B1-4D9F-894B-1FCEB31D337C}.Debug|x86.ActiveCfg = Debug|Any CPU
		{9FBC1ACC-80B1-4D9F-894B-1FCEB31D337C}.Release|Any CPU.ActiveCfg = Release|Any CPU
		{9FBC1ACC-80B1-4D9F-894B-1FCEB31D337C}.Release|Any CPU.Build.0 = Release|Any CPU
		{9FBC1ACC-80B1-4D9F-894B-1FCEB31D337C}.Release|ARM.ActiveCfg = Release|Any CPU
		{9FBC1ACC-80B1-4D9F-894B-1FCEB31D337C}.Release|x64.ActiveCfg = Release|x64
		{9FBC1ACC-80B1-4D9F-894B-1FCEB31D337C}.Release|x64.Build.0 = Release|x64
		{9FBC1ACC-80B1-4D9F-894B-1FCEB31D337C}.Release|x86.ActiveCfg = Release|Any CPU
		{C751D7C2-BF81-4FB1-8D42-68B816266545}.Debug|Any CPU.ActiveCfg = Debug|Any CPU
		{C751D7C2-BF81-4FB1-8D42-68B816266545}.Debug|Any CPU.Build.0 = Debug|Any CPU
		{C751D7C2-BF81-4FB1-8D42-68B816266545}.Debug|ARM.ActiveCfg = Debug|Any CPU
		{C751D7C2-BF81-4FB1-8D42-68B816266545}.Debug|x64.ActiveCfg = Debug|Any CPU
		{C751D7C2-BF81-4FB1-8D42-68B816266545}.Debug|x86.ActiveCfg = Debug|Any CPU
		{C751D7C2-BF81-4FB1-8D42-68B816266545}.Release|Any CPU.ActiveCfg = Release|Any CPU
		{C751D7C2-BF81-4FB1-8D42-68B816266545}.Release|Any CPU.Build.0 = Release|Any CPU
		{C751D7C2-BF81-4FB1-8D42-68B816266545}.Release|ARM.ActiveCfg = Release|Any CPU
		{C751D7C2-BF81-4FB1-8D42-68B816266545}.Release|x64.ActiveCfg = Release|x64
		{C751D7C2-BF81-4FB1-8D42-68B816266545}.Release|x64.Build.0 = Release|x64
		{C751D7C2-BF81-4FB1-8D42-68B816266545}.Release|x86.ActiveCfg = Release|Any CPU
		{7A688EEE-3685-4799-ADD0-78507D272023}.Debug|Any CPU.ActiveCfg = Debug|Any CPU
		{7A688EEE-3685-4799-ADD0-78507D272023}.Debug|Any CPU.Build.0 = Debug|Any CPU
		{7A688EEE-3685-4799-ADD0-78507D272023}.Debug|ARM.ActiveCfg = Debug|Any CPU
		{7A688EEE-3685-4799-ADD0-78507D272023}.Debug|x64.ActiveCfg = Debug|Any CPU
		{7A688EEE-3685-4799-ADD0-78507D272023}.Debug|x86.ActiveCfg = Debug|Any CPU
		{7A688EEE-3685-4799-ADD0-78507D272023}.Release|Any CPU.ActiveCfg = Release|Any CPU
		{7A688EEE-3685-4799-ADD0-78507D272023}.Release|Any CPU.Build.0 = Release|Any CPU
		{7A688EEE-3685-4799-ADD0-78507D272023}.Release|ARM.ActiveCfg = Release|Any CPU
		{7A688EEE-3685-4799-ADD0-78507D272023}.Release|x64.ActiveCfg = Release|x64
		{7A688EEE-3685-4799-ADD0-78507D272023}.Release|x64.Build.0 = Release|x64
		{7A688EEE-3685-4799-ADD0-78507D272023}.Release|x86.ActiveCfg = Release|Any CPU
		{6C30A81B-8C5B-47EF-9EB1-0044CA259FD7}.Debug|Any CPU.ActiveCfg = Debug|Any CPU
		{6C30A81B-8C5B-47EF-9EB1-0044CA259FD7}.Debug|ARM.ActiveCfg = Debug|Any CPU
		{6C30A81B-8C5B-47EF-9EB1-0044CA259FD7}.Debug|x64.ActiveCfg = Debug|Any CPU
		{6C30A81B-8C5B-47EF-9EB1-0044CA259FD7}.Debug|x86.ActiveCfg = Debug|Any CPU
		{6C30A81B-8C5B-47EF-9EB1-0044CA259FD7}.Release|Any CPU.ActiveCfg = Release|Any CPU
		{6C30A81B-8C5B-47EF-9EB1-0044CA259FD7}.Release|Any CPU.Build.0 = Release|Any CPU
		{6C30A81B-8C5B-47EF-9EB1-0044CA259FD7}.Release|ARM.ActiveCfg = Release|Any CPU
		{6C30A81B-8C5B-47EF-9EB1-0044CA259FD7}.Release|x64.ActiveCfg = Release|x64
		{6C30A81B-8C5B-47EF-9EB1-0044CA259FD7}.Release|x64.Build.0 = Release|x64
		{6C30A81B-8C5B-47EF-9EB1-0044CA259FD7}.Release|x86.ActiveCfg = Release|Any CPU
		{A08E8DF3-2687-4FA8-A3ED-50C38E24756C}.Debug|Any CPU.ActiveCfg = Debug|Any CPU
		{A08E8DF3-2687-4FA8-A3ED-50C38E24756C}.Debug|ARM.ActiveCfg = Debug|Any CPU
		{A08E8DF3-2687-4FA8-A3ED-50C38E24756C}.Debug|x64.ActiveCfg = Debug|Any CPU
		{A08E8DF3-2687-4FA8-A3ED-50C38E24756C}.Debug|x86.ActiveCfg = Debug|Any CPU
		{A08E8DF3-2687-4FA8-A3ED-50C38E24756C}.Release|Any CPU.ActiveCfg = Release|Any CPU
		{A08E8DF3-2687-4FA8-A3ED-50C38E24756C}.Release|Any CPU.Build.0 = Release|Any CPU
		{A08E8DF3-2687-4FA8-A3ED-50C38E24756C}.Release|ARM.ActiveCfg = Release|Any CPU
		{A08E8DF3-2687-4FA8-A3ED-50C38E24756C}.Release|x64.ActiveCfg = Release|x64
		{A08E8DF3-2687-4FA8-A3ED-50C38E24756C}.Release|x64.Build.0 = Release|x64
		{A08E8DF3-2687-4FA8-A3ED-50C38E24756C}.Release|x86.ActiveCfg = Release|Any CPU
		{41B5F94B-9F51-4AC8-8EB9-A4D8AFA13D38}.Debug|Any CPU.ActiveCfg = Debug|Any CPU
		{41B5F94B-9F51-4AC8-8EB9-A4D8AFA13D38}.Debug|Any CPU.Build.0 = Debug|Any CPU
		{41B5F94B-9F51-4AC8-8EB9-A4D8AFA13D38}.Debug|ARM.ActiveCfg = Debug|Any CPU
		{41B5F94B-9F51-4AC8-8EB9-A4D8AFA13D38}.Debug|ARM.Build.0 = Debug|Any CPU
		{41B5F94B-9F51-4AC8-8EB9-A4D8AFA13D38}.Debug|x64.ActiveCfg = Debug|Any CPU
		{41B5F94B-9F51-4AC8-8EB9-A4D8AFA13D38}.Debug|x64.Build.0 = Debug|Any CPU
		{41B5F94B-9F51-4AC8-8EB9-A4D8AFA13D38}.Debug|x86.ActiveCfg = Debug|Any CPU
		{41B5F94B-9F51-4AC8-8EB9-A4D8AFA13D38}.Debug|x86.Build.0 = Debug|Any CPU
		{41B5F94B-9F51-4AC8-8EB9-A4D8AFA13D38}.Release|Any CPU.ActiveCfg = Release|Any CPU
		{41B5F94B-9F51-4AC8-8EB9-A4D8AFA13D38}.Release|Any CPU.Build.0 = Release|Any CPU
		{41B5F94B-9F51-4AC8-8EB9-A4D8AFA13D38}.Release|ARM.ActiveCfg = Release|Any CPU
		{41B5F94B-9F51-4AC8-8EB9-A4D8AFA13D38}.Release|ARM.Build.0 = Release|Any CPU
		{41B5F94B-9F51-4AC8-8EB9-A4D8AFA13D38}.Release|x64.ActiveCfg = Release|Any CPU
		{41B5F94B-9F51-4AC8-8EB9-A4D8AFA13D38}.Release|x64.Build.0 = Release|Any CPU
		{41B5F94B-9F51-4AC8-8EB9-A4D8AFA13D38}.Release|x86.ActiveCfg = Release|Any CPU
		{41B5F94B-9F51-4AC8-8EB9-A4D8AFA13D38}.Release|x86.Build.0 = Release|Any CPU
		{E3A08FD0-B103-42F0-9F34-7CEA0FC644A0}.Debug|Any CPU.ActiveCfg = Debug|Any CPU
		{E3A08FD0-B103-42F0-9F34-7CEA0FC644A0}.Debug|Any CPU.Build.0 = Debug|Any CPU
		{E3A08FD0-B103-42F0-9F34-7CEA0FC644A0}.Debug|ARM.ActiveCfg = Debug|Any CPU
		{E3A08FD0-B103-42F0-9F34-7CEA0FC644A0}.Debug|ARM.Build.0 = Debug|Any CPU
		{E3A08FD0-B103-42F0-9F34-7CEA0FC644A0}.Debug|x64.ActiveCfg = Debug|Any CPU
		{E3A08FD0-B103-42F0-9F34-7CEA0FC644A0}.Debug|x64.Build.0 = Debug|Any CPU
		{E3A08FD0-B103-42F0-9F34-7CEA0FC644A0}.Debug|x86.ActiveCfg = Debug|Any CPU
		{E3A08FD0-B103-42F0-9F34-7CEA0FC644A0}.Debug|x86.Build.0 = Debug|Any CPU
		{E3A08FD0-B103-42F0-9F34-7CEA0FC644A0}.Release|Any CPU.ActiveCfg = Release|Any CPU
		{E3A08FD0-B103-42F0-9F34-7CEA0FC644A0}.Release|Any CPU.Build.0 = Release|Any CPU
		{E3A08FD0-B103-42F0-9F34-7CEA0FC644A0}.Release|ARM.ActiveCfg = Release|Any CPU
		{E3A08FD0-B103-42F0-9F34-7CEA0FC644A0}.Release|ARM.Build.0 = Release|Any CPU
		{E3A08FD0-B103-42F0-9F34-7CEA0FC644A0}.Release|x64.ActiveCfg = Release|Any CPU
		{E3A08FD0-B103-42F0-9F34-7CEA0FC644A0}.Release|x64.Build.0 = Release|Any CPU
		{E3A08FD0-B103-42F0-9F34-7CEA0FC644A0}.Release|x86.ActiveCfg = Release|Any CPU
		{E3A08FD0-B103-42F0-9F34-7CEA0FC644A0}.Release|x86.Build.0 = Release|Any CPU
		{F4E16E11-419F-4C6B-ACE6-387C7437AFD0}.Debug|Any CPU.ActiveCfg = Debug|Any CPU
		{F4E16E11-419F-4C6B-ACE6-387C7437AFD0}.Debug|Any CPU.Build.0 = Debug|Any CPU
		{F4E16E11-419F-4C6B-ACE6-387C7437AFD0}.Debug|ARM.ActiveCfg = Debug|Any CPU
		{F4E16E11-419F-4C6B-ACE6-387C7437AFD0}.Debug|ARM.Build.0 = Debug|Any CPU
		{F4E16E11-419F-4C6B-ACE6-387C7437AFD0}.Debug|x64.ActiveCfg = Debug|Any CPU
		{F4E16E11-419F-4C6B-ACE6-387C7437AFD0}.Debug|x64.Build.0 = Debug|Any CPU
		{F4E16E11-419F-4C6B-ACE6-387C7437AFD0}.Debug|x86.ActiveCfg = Debug|Any CPU
		{F4E16E11-419F-4C6B-ACE6-387C7437AFD0}.Debug|x86.Build.0 = Debug|Any CPU
		{F4E16E11-419F-4C6B-ACE6-387C7437AFD0}.Release|Any CPU.ActiveCfg = Release|Any CPU
		{F4E16E11-419F-4C6B-ACE6-387C7437AFD0}.Release|Any CPU.Build.0 = Release|Any CPU
		{F4E16E11-419F-4C6B-ACE6-387C7437AFD0}.Release|ARM.ActiveCfg = Release|Any CPU
		{F4E16E11-419F-4C6B-ACE6-387C7437AFD0}.Release|ARM.Build.0 = Release|Any CPU
		{F4E16E11-419F-4C6B-ACE6-387C7437AFD0}.Release|x64.ActiveCfg = Release|Any CPU
		{F4E16E11-419F-4C6B-ACE6-387C7437AFD0}.Release|x64.Build.0 = Release|Any CPU
		{F4E16E11-419F-4C6B-ACE6-387C7437AFD0}.Release|x86.ActiveCfg = Release|Any CPU
		{F4E16E11-419F-4C6B-ACE6-387C7437AFD0}.Release|x86.Build.0 = Release|Any CPU
	EndGlobalSection
	GlobalSection(SolutionProperties) = preSolution
		HideSolutionNode = FALSE
	EndGlobalSection
	GlobalSection(ExtensibilityGlobals) = postSolution
		VisualSVNWorkingCopyRoot = .
		SolutionGuid = {6F2D46B9-D6F4-4B1D-A6A9-448CB2EE2C46}
	EndGlobalSection
EndGlobal
